<?xml version="1.0" encoding="utf-8"?>
<Project ToolsVersion="4.0" xmlns="http://schemas.microsoft.com/developer/msbuild/2003">
  <ItemGroup>
    <Filter Include="MySource">
      <UniqueIdentifier>{797d789f-a18f-484e-902a-c72244070aa0}</UniqueIdentifier>
    </Filter>
    <Filter Include="MySource\Player">
      <UniqueIdentifier>{a13ae73f-dd76-416b-a7de-be2478f45dd3}</UniqueIdentifier>
    </Filter>
    <Filter Include="MySource\Base">
      <UniqueIdentifier>{e23eafc4-a9ba-4e1f-9f0e-7d9865af2a11}</UniqueIdentifier>
    </Filter>
    <Filter Include="MySource\Map">
      <UniqueIdentifier>{0ca471c8-c18b-4eaa-a140-23b7fc936445}</UniqueIdentifier>
    </Filter>
    <Filter Include="MySource\Enemy">
      <UniqueIdentifier>{284b3cd8-f792-47d6-84ea-4f463dded4a9}</UniqueIdentifier>
    </Filter>
    <Filter Include="MySource\Object">
      <UniqueIdentifier>{39da4320-8485-449d-b460-083b23c50835}</UniqueIdentifier>
    </Filter>
    <Filter Include="MySource\Scene">
      <UniqueIdentifier>{d5419628-ed96-4dea-9003-3871c51e8f27}</UniqueIdentifier>
    </Filter>
    <Filter Include="MySource\Tool">
      <UniqueIdentifier>{bbb5fe49-28b2-4047-a9af-773679cca32b}</UniqueIdentifier>
    </Filter>
  </ItemGroup>
  <ItemGroup>
    <ClInclude Include="code\player\AttackArea.h">
      <Filter>MySource\Player</Filter>
    </ClInclude>
    <ClInclude Include="code\player\FireAttackArea.h">
      <Filter>MySource\Player</Filter>
    </ClInclude>
    <ClInclude Include="code\player\Player.h">
      <Filter>MySource\Player</Filter>
    </ClInclude>
    <ClInclude Include="code\player\SwordAttackArea.h">
      <Filter>MySource\Player</Filter>
    </ClInclude>
    <ClInclude Include="code\base\Effects.h">
      <Filter>MySource\Base</Filter>
    </ClInclude>
    <ClInclude Include="code\base\HitObjectBase.h">
      <Filter>MySource\Base</Filter>
    </ClInclude>
    <ClInclude Include="code\base\Object.h">
      <Filter>MySource\Base</Filter>
    </ClInclude>
    <ClInclude Include="code\map\Map.h">
      <Filter>MySource\Map</Filter>
    </ClInclude>
    <ClInclude Include="code\enemy\EnemyBase.h">
      <Filter>MySource\Enemy</Filter>
    </ClInclude>
    <ClInclude Include="code\enemy\Enemys.h">
      <Filter>MySource\Enemy</Filter>
    </ClInclude>
    <ClInclude Include="code\object\Camera.h">
      <Filter>MySource\Object</Filter>
    </ClInclude>
    <ClInclude Include="code\object\GoalItem.h">
      <Filter>MySource\Object</Filter>
    </ClInclude>
    <ClInclude Include="code\scene\AddList.h">
      <Filter>MySource\Scene</Filter>
    </ClInclude>
    <ClInclude Include="code\scene\GameMgr.h">
      <Filter>MySource\Scene</Filter>
    </ClInclude>
    <ClInclude Include="code\scene\SceneMgr.h">
      <Filter>MySource\Scene</Filter>
    </ClInclude>
    <ClInclude Include="code\tool\DataLoader.h">
      <Filter>MySource\Tool</Filter>
    </ClInclude>
    <ClInclude Include="code\tool\KeyChecker.h">
      <Filter>MySource\Tool</Filter>
    </ClInclude>
    <ClInclude Include="code\tool\ViewData.h">
      <Filter>MySource\Tool</Filter>
    </ClInclude>
  </ItemGroup>
  <ItemGroup>
    <ClCompile Include="code\player\FireAttackArea.cpp">
      <Filter>MySource\Player</Filter>
    </ClCompile>
    <ClCompile Include="code\player\Player.cpp">
      <Filter>MySource\Player</Filter>
    </ClCompile>
    <ClCompile Include="code\player\SwordAttackArea.cpp">
      <Filter>MySource\Player</Filter>
    </ClCompile>
    <ClCompile Include="code\base\Effects.cpp">
      <Filter>MySource\Base</Filter>
    </ClCompile>
    <ClCompile Include="code\base\HitObjectBase.cpp">
      <Filter>MySource\Base</Filter>
    </ClCompile>
    <ClCompile Include="code\base\Object.cpp">
      <Filter>MySource\Base</Filter>
    </ClCompile>
    <ClCompile Include="code\map\Map.cpp">
      <Filter>MySource\Map</Filter>
    </ClCompile>
    <ClCompile Include="code\enemy\BlackEnemy.cpp">
      <Filter>MySource\Enemy</Filter>
    </ClCompile>
    <ClCompile Include="code\enemy\BlueEnemy.cpp">
      <Filter>MySource\Enemy</Filter>
    </ClCompile>
    <ClCompile Include="code\enemy\EnemyBase.cpp">
      <Filter>MySource\Enemy</Filter>
    </ClCompile>
    <ClCompile Include="code\enemy\GreenEnemy.cpp">
      <Filter>MySource\Enemy</Filter>
    </ClCompile>
    <ClCompile Include="code\enemy\PurpleEnemy.cpp">
      <Filter>MySource\Enemy</Filter>
    </ClCompile>
    <ClCompile Include="code\enemy\RedEnemy.cpp">
      <Filter>MySource\Enemy</Filter>
    </ClCompile>
    <ClCompile Include="code\object\Camera.cpp">
      <Filter>MySource\Object</Filter>
    </ClCompile>
    <ClCompile Include="code\object\GoalItem.cpp">
      <Filter>MySource\Object</Filter>
    </ClCompile>
    <ClCompile Include="code\scene\Game.cpp">
      <Filter>MySource\Scene</Filter>
    </ClCompile>
    <ClCompile Include="code\scene\SceneMgr.cpp">
      <Filter>MySource\Scene</Filter>
    </ClCompile>
    <ClCompile Include="code\scene\Title.cpp">
      <Filter>MySource\Scene</Filter>
    </ClCompile>
    <ClCompile Include="code\tool\DataLoader.cpp">
      <Filter>MySource\Tool</Filter>
    </ClCompile>
    <ClCompile Include="code\tool\KeyChecker.cpp">
      <Filter>MySource\Tool</Filter>
    </ClCompile>
    <ClCompile Include="code\tool\ViewData.cpp">
      <Filter>MySource\Tool</Filter>
    </ClCompile>
    <ClCompile Include="code\source\ProjectSource.cpp">
      <Filter>MySource</Filter>
    </ClCompile>
  </ItemGroup>
</Project>